
Microsoft Visual Studio Solution File, Format Version 12.00
# Visual Studio 15
Project("{FAE04EC0-301F-11D3-BF4B-00C04F79EFBC}") = "Assembly-CSharp", "Assembly-CSharp.csproj", "{FBE5FED8-C6F9-D186-BCCD-208B34705BCD}"
EndProject
Project("{FAE04EC0-301F-11D3-BF4B-00C04F79EFBC}") = "Oculus.VR", "Oculus.VR.csproj", "{E6B880AE-6165-1686-9F3C-37EA7C69258C}"
EndProject
Project("{FAE04EC0-301F-11D3-BF4B-00C04F79EFBC}") = "Assembly-CSharp-Editor", "Assembly-CSharp-Editor.csproj", "{5C6173D4-607A-8AC1-6E0B-771EB26E0545}"
EndProject
Project("{FAE04EC0-301F-11D3-BF4B-00C04F79EFBC}") = "Oculus.VR.Scripts.Editor", "Oculus.VR.Scripts.Editor.csproj", "{075F2457-E57A-24EA-F650-2EE0610D32D1}"
EndProject
Project("{FAE04EC0-301F-11D3-BF4B-00C04F79EFBC}") = "Oculus.VR.Editor", "Oculus.VR.Editor.csproj", "{DA54B702-BB46-3E75-01FE-126F970B7DE3}"
EndProject
Global
	GlobalSection(SolutionConfigurationPlatforms) = preSolution
		Debug|Any CPU = Debug|Any CPU
		Release|Any CPU = Release|Any CPU
	EndGlobalSection
	GlobalSection(ProjectConfigurationPlatforms) = postSolution
		{FBE5FED8-C6F9-D186-BCCD-208B34705BCD}.Debug|Any CPU.ActiveCfg = Debug|Any CPU
		{FBE5FED8-C6F9-D186-BCCD-208B34705BCD}.Debug|Any CPU.Build.0 = Debug|Any CPU
		{FBE5FED8-C6F9-D186-BCCD-208B34705BCD}.Release|Any CPU.ActiveCfg = Release|Any CPU
		{FBE5FED8-C6F9-D186-BCCD-208B34705BCD}.Release|Any CPU.Build.0 = Release|Any CPU
		{E6B880AE-6165-1686-9F3C-37EA7C69258C}.Debug|Any CPU.ActiveCfg = Debug|Any CPU
		{E6B880AE-6165-1686-9F3C-37EA7C69258C}.Debug|Any CPU.Build.0 = Debug|Any CPU
		{E6B880AE-6165-1686-9F3C-37EA7C69258C}.Release|Any CPU.ActiveCfg = Release|Any CPU
		{E6B880AE-6165-1686-9F3C-37EA7C69258C}.Release|Any CPU.Build.0 = Release|Any CPU
		{5C6173D4-607A-8AC1-6E0B-771EB26E0545}.Debug|Any CPU.ActiveCfg = Debug|Any CPU
		{5C6173D4-607A-8AC1-6E0B-771EB26E0545}.Debug|Any CPU.Build.0 = Debug|Any CPU
		{5C6173D4-607A-8AC1-6E0B-771EB26E0545}.Release|Any CPU.ActiveCfg = Release|Any CPU
		{5C6173D4-607A-8AC1-6E0B-771EB26E0545}.Release|Any CPU.Build.0 = Release|Any CPU
		{075F2457-E57A-24EA-F650-2EE0610D32D1}.Debug|Any CPU.ActiveCfg = Debug|Any CPU
		{075F2457-E57A-24EA-F650-2EE0610D32D1}.Debug|Any CPU.Build.0 = Debug|Any CPU
		{075F2457-E57A-24EA-F650-2EE0610D32D1}.Release|Any CPU.ActiveCfg = Release|Any CPU
		{075F2457-E57A-24EA-F650-2EE0610D32D1}.Release|Any CPU.Build.0 = Release|Any CPU
		{DA54B702-BB46-3E75-01FE-126F970B7DE3}.Debug|Any CPU.ActiveCfg = Debug|Any CPU
		{DA54B702-BB46-3E75-01FE-126F970B7DE3}.Debug|Any CPU.Build.0 = Debug|Any CPU
		{DA54B702-BB46-3E75-01FE-126F970B7DE3}.Release|Any CPU.ActiveCfg = Release|Any CPU
		{DA54B702-BB46-3E75-01FE-126F970B7DE3}.Release|Any CPU.Build.0 = Release|Any CPU
	EndGlobalSection
	GlobalSection(SolutionProperties) = preSolution
		HideSolutionNode = FALSE
	EndGlobalSection
EndGlobal
